
Microsoft Visual Studio Solution File, Format Version 12.00
# Visual Studio 15
VisualStudioVersion = 15.0.26124.0
MinimumVisualStudioVersion = 15.0.26124.0
Project("{2150E333-8FDC-42A3-9474-1A3956D46DE8}") = "src", "src", "{1CC415C1-87D5-4FA6-B9AE-DB335B7B8C8D}"
EndProject
Project("{FAE04EC0-301F-11D3-BF4B-00C04F79EFBC}") = "Web", "src\Web\Web.csproj", "{2DA1291C-F41E-47DB-9AF5-1F634454711B}"
EndProject
Project("{FAE04EC0-301F-11D3-BF4B-00C04F79EFBC}") = "Domain", "src\Domain\Domain.csproj", "{8014B136-538A-4A66-9185-31ADD55F7B5F}"
EndProject
Project("{FAE04EC0-301F-11D3-BF4B-00C04F79EFBC}") = "Persistence", "src\Persistence\Persistence.csproj", "{205A7209-2D8A-45B6-9954-6D1E36A895F3}"
EndProject
Project("{FAE04EC0-301F-11D3-BF4B-00C04F79EFBC}") = "Application", "src\Application\Application.csproj", "{0821AA8E-A61C-4636-93D5-B1FF61F1E9AB}"
EndProject
Global
	GlobalSection(SolutionConfigurationPlatforms) = preSolution
		Debug|Any CPU = Debug|Any CPU
		Debug|x64 = Debug|x64
		Debug|x86 = Debug|x86
		Release|Any CPU = Release|Any CPU
		Release|x64 = Release|x64
		Release|x86 = Release|x86
	EndGlobalSection
	GlobalSection(SolutionProperties) = preSolution
		HideSolutionNode = FALSE
	EndGlobalSection
	GlobalSection(ProjectConfigurationPlatforms) = postSolution
		{2DA1291C-F41E-47DB-9AF5-1F634454711B}.Debug|Any CPU.ActiveCfg = Debug|Any CPU
		{2DA1291C-F41E-47DB-9AF5-1F634454711B}.Debug|Any CPU.Build.0 = Debug|Any CPU
		{2DA1291C-F41E-47DB-9AF5-1F634454711B}.Debug|x64.ActiveCfg = Debug|Any CPU
		{2DA1291C-F41E-47DB-9AF5-1F634454711B}.Debug|x64.Build.0 = Debug|Any CPU
		{2DA1291C-F41E-47DB-9AF5-1F634454711B}.Debug|x86.ActiveCfg = Debug|Any CPU
		{2DA1291C-F41E-47DB-9AF5-1F634454711B}.Debug|x86.Build.0 = Debug|Any CPU
		{2DA1291C-F41E-47DB-9AF5-1F634454711B}.Release|Any CPU.ActiveCfg = Release|Any CPU
		{2DA1291C-F41E-47DB-9AF5-1F634454711B}.Release|Any CPU.Build.0 = Release|Any CPU
		{2DA1291C-F41E-47DB-9AF5-1F634454711B}.Release|x64.ActiveCfg = Release|Any CPU
		{2DA1291C-F41E-47DB-9AF5-1F634454711B}.Release|x64.Build.0 = Release|Any CPU
		{2DA1291C-F41E-47DB-9AF5-1F634454711B}.Release|x86.ActiveCfg = Release|Any CPU
		{2DA1291C-F41E-47DB-9AF5-1F634454711B}.Release|x86.Build.0 = Release|Any CPU
		{8014B136-538A-4A66-9185-31ADD55F7B5F}.Debug|Any CPU.ActiveCfg = Debug|Any CPU
		{8014B136-538A-4A66-9185-31ADD55F7B5F}.Debug|Any CPU.Build.0 = Debug|Any CPU
		{8014B136-538A-4A66-9185-31ADD55F7B5F}.Debug|x64.ActiveCfg = Debug|Any CPU
		{8014B136-538A-4A66-9185-31ADD55F7B5F}.Debug|x64.Build.0 = Debug|Any CPU
		{8014B136-538A-4A66-9185-31ADD55F7B5F}.Debug|x86.ActiveCfg = Debug|Any CPU
		{8014B136-538A-4A66-9185-31ADD55F7B5F}.Debug|x86.Build.0 = Debug|Any CPU
		{8014B136-538A-4A66-9185-31ADD55F7B5F}.Release|Any CPU.ActiveCfg = Release|Any CPU
		{8014B136-538A-4A66-9185-31ADD55F7B5F}.Release|Any CPU.Build.0 = Release|Any CPU
		{8014B136-538A-4A66-9185-31ADD55F7B5F}.Release|x64.ActiveCfg = Release|Any CPU
		{8014B136-538A-4A66-9185-31ADD55F7B5F}.Release|x64.Build.0 = Release|Any CPU
		{8014B136-538A-4A66-9185-31ADD55F7B5F}.Release|x86.ActiveCfg = Release|Any CPU
		{8014B136-538A-4A66-9185-31ADD55F7B5F}.Release|x86.Build.0 = Release|Any CPU
		{205A7209-2D8A-45B6-9954-6D1E36A895F3}.Debug|Any CPU.ActiveCfg = Debug|Any CPU
		{205A7209-2D8A-45B6-9954-6D1E36A895F3}.Debug|Any CPU.Build.0 = Debug|Any CPU
		{205A7209-2D8A-45B6-9954-6D1E36A895F3}.Debug|x64.ActiveCfg = Debug|Any CPU
		{205A7209-2D8A-45B6-9954-6D1E36A895F3}.Debug|x64.Build.0 = Debug|Any CPU
		{205A7209-2D8A-45B6-9954-6D1E36A895F3}.Debug|x86.ActiveCfg = Debug|Any CPU
		{205A7209-2D8A-45B6-9954-6D1E36A895F3}.Debug|x86.Build.0 = Debug|Any CPU
		{205A7209-2D8A-45B6-9954-6D1E36A895F3}.Release|Any CPU.ActiveCfg = Release|Any CPU
		{205A7209-2D8A-45B6-9954-6D1E36A895F3}.Release|Any CPU.Build.0 = Release|Any CPU
		{205A7209-2D8A-45B6-9954-6D1E36A895F3}.Release|x64.ActiveCfg = Release|Any CPU
		{205A7209-2D8A-45B6-9954-6D1E36A895F3}.Release|x64.Build.0 = Release|Any CPU
		{205A7209-2D8A-45B6-9954-6D1E36A895F3}.Release|x86.ActiveCfg = Release|Any CPU
		{205A7209-2D8A-45B6-9954-6D1E36A895F3}.Release|x86.Build.0 = Release|Any CPU
		{0821AA8E-A61C-4636-93D5-B1FF61F1E9AB}.Debug|Any CPU.ActiveCfg = Debug|Any CPU
		{0821AA8E-A61C-4636-93D5-B1FF61F1E9AB}.Debug|Any CPU.Build.0 = Debug|Any CPU
		{0821AA8E-A61C-4636-93D5-B1FF61F1E9AB}.Debug|x64.ActiveCfg = Debug|Any CPU
		{0821AA8E-A61C-4636-93D5-B1FF61F1E9AB}.Debug|x64.Build.0 = Debug|Any CPU
		{0821AA8E-A61C-4636-93D5-B1FF61F1E9AB}.Debug|x86.ActiveCfg = Debug|Any CPU
		{0821AA8E-A61C-4636-93D5-B1FF61F1E9AB}.Debug|x86.Build.0 = Debug|Any CPU
		{0821AA8E-A61C-4636-93D5-B1FF61F1E9AB}.Release|Any CPU.ActiveCfg = Release|Any CPU
		{0821AA8E-A61C-4636-93D5-B1FF61F1E9AB}.Release|Any CPU.Build.0 = Release|Any CPU
		{0821AA8E-A61C-4636-93D5-B1FF61F1E9AB}.Release|x64.ActiveCfg = Release|Any CPU
		{0821AA8E-A61C-4636-93D5-B1FF61F1E9AB}.Release|x64.Build.0 = Release|Any CPU
		{0821AA8E-A61C-4636-93D5-B1FF61F1E9AB}.Release|x86.ActiveCfg = Release|Any CPU
		{0821AA8E-A61C-4636-93D5-B1FF61F1E9AB}.Release|x86.Build.0 = Release|Any CPU
	EndGlobalSection
	GlobalSection(NestedProjects) = preSolution
		{2DA1291C-F41E-47DB-9AF5-1F634454711B} = {1CC415C1-87D5-4FA6-B9AE-DB335B7B8C8D}
		{8014B136-538A-4A66-9185-31ADD55F7B5F} = {1CC415C1-87D5-4FA6-B9AE-DB335B7B8C8D}
		{205A7209-2D8A-45B6-9954-6D1E36A895F3} = {1CC415C1-87D5-4FA6-B9AE-DB335B7B8C8D}
		{0821AA8E-A61C-4636-93D5-B1FF61F1E9AB} = {1CC415C1-87D5-4FA6-B9AE-DB335B7B8C8D}
	EndGlobalSection
EndGlobal
